Microsoft Visual Studio Solution File, Format Version 9.00
# Visual C++ Express 2005
Project("{8BC9CEB8-8B4A-11D0-8D11-00A0C91BC942}") = "Torque Demo", "Torque Demo.vcproj", "{B1004AB2-F57B-4330-A303-6DB62C433C93}"
	ProjectSection(ProjectDependencies) = postProject
		{E42AB819-339B-48C8-AE28-605CF4F9FD34} = {E42AB819-339B-48C8-AE28-605CF4F9FD34}
		{1037E828-89D0-4B23-8055-B3197EB515AA} = {1037E828-89D0-4B23-8055-B3197EB515AA}
		{D82FB876-BFD9-41DE-9403-D13BDBE7FCB1} = {D82FB876-BFD9-41DE-9403-D13BDBE7FCB1}
		{2B1EECAA-19CD-41CB-9B2B-87C6317EC1B2} = {2B1EECAA-19CD-41CB-9B2B-87C6317EC1B2}
		{66988AD4-F6F8-49EF-A4E1-3F43CC125962} = {66988AD4-F6F8-49EF-A4E1-3F43CC125962}
		{87BFA0FD-C761-4938-9C20-F15DD14E48E1} = {87BFA0FD-C761-4938-9C20-F15DD14E48E1}
	EndProjectSection
EndProject
Project("{8BC9CEB8-8B4A-11D0-8D11-00A0C91BC942}") = "Torque Tool Lib", "Torque Tool Lib.vcproj", "{B0C44BD5-406D-4095-A5F6-2F36733014E7}"
	ProjectSection(ProjectDependencies) = postProject
		{E42AB819-339B-48C8-AE28-605CF4F9FD34} = {E42AB819-339B-48C8-AE28-605CF4F9FD34}
		{1037E828-89D0-4B23-8055-B3197EB515AA} = {1037E828-89D0-4B23-8055-B3197EB515AA}
		{D82FB876-BFD9-41DE-9403-D13BDBE7FCB1} = {D82FB876-BFD9-41DE-9403-D13BDBE7FCB1}
		{2B1EECAA-19CD-41CB-9B2B-87C6317EC1B2} = {2B1EECAA-19CD-41CB-9B2B-87C6317EC1B2}
	EndProjectSection
EndProject
Project("{8BC9CEB8-8B4A-11D0-8D11-00A0C91BC942}") = "buildWad", "buildWad.vcproj", "{3232A0B0-9DE6-434A-88C8-06833691B9A8}"
	ProjectSection(ProjectDependencies) = postProject
		{B0C44BD5-406D-4095-A5F6-2F36733014E7} = {B0C44BD5-406D-4095-A5F6-2F36733014E7}
	EndProjectSection
EndProject
Project("{8BC9CEB8-8B4A-11D0-8D11-00A0C91BC942}") = "dtsSDK", "dtsSDK.vcproj", "{7826C608-628D-4E8E-809F-B466ABE74F00}"
EndProject
Project("{8BC9CEB8-8B4A-11D0-8D11-00A0C91BC942}") = "glu2d3d", "glu2d3d.vcproj", "{87BFA0FD-C761-4938-9C20-F15DD14E48E1}"
	ProjectSection(ProjectDependencies) = postProject
		{66988AD4-F6F8-49EF-A4E1-3F43CC125962} = {66988AD4-F6F8-49EF-A4E1-3F43CC125962}
	EndProjectSection
EndProject
Project("{8BC9CEB8-8B4A-11D0-8D11-00A0C91BC942}") = "ljpeg", "ljpeg.vcproj", "{2B1EECAA-19CD-41CB-9B2B-87C6317EC1B2}"
EndProject
Project("{8BC9CEB8-8B4A-11D0-8D11-00A0C91BC942}") = "lpng", "lpng.vcproj", "{D82FB876-BFD9-41DE-9403-D13BDBE7FCB1}"
	ProjectSection(ProjectDependencies) = postProject
		{1037E828-89D0-4B23-8055-B3197EB515AA} = {1037E828-89D0-4B23-8055-B3197EB515AA}
	EndProjectSection
EndProject
Project("{8BC9CEB8-8B4A-11D0-8D11-00A0C91BC942}") = "lungif", "lungif.vcproj", "{E42AB819-339B-48C8-AE28-605CF4F9FD34}"
EndProject
Project("{8BC9CEB8-8B4A-11D0-8D11-00A0C91BC942}") = "map2dif", "map2dif.vcproj", "{72645D1D-C1D3-45BC-9C26-C994BCBFA0B0}"
	ProjectSection(ProjectDependencies) = postProject
		{B0C44BD5-406D-4095-A5F6-2F36733014E7} = {B0C44BD5-406D-4095-A5F6-2F36733014E7}
	EndProjectSection
EndProject
Project("{8BC9CEB8-8B4A-11D0-8D11-00A0C91BC942}") = "ms2dtsExporter", "ms2dtsExporter.vcproj", "{5580CE27-80F7-4209-8504-89E18302CC4B}"
	ProjectSection(ProjectDependencies) = postProject
		{7826C608-628D-4E8E-809F-B466ABE74F00} = {7826C608-628D-4E8E-809F-B466ABE74F00}
	EndProjectSection
EndProject
Project("{8BC9CEB8-8B4A-11D0-8D11-00A0C91BC942}") = "opengl2d3d", "opengl2d3d.vcproj", "{66988AD4-F6F8-49EF-A4E1-3F43CC125962}"
EndProject
Project("{8BC9CEB8-8B4A-11D0-8D11-00A0C91BC942}") = "zlib", "zlib.vcproj", "{1037E828-89D0-4B23-8055-B3197EB515AA}"
EndProject
Project("{8BC9CEB8-8B4A-11D0-8D11-00A0C91BC942}") = "map2difPlus", "map2dif plus.vcproj", "{CA4D37D5-5968-4F3A-9D56-06B21F9441D1}"
	ProjectSection(ProjectDependencies) = postProject
		{E42AB819-339B-48C8-AE28-605CF4F9FD34} = {E42AB819-339B-48C8-AE28-605CF4F9FD34}
		{1037E828-89D0-4B23-8055-B3197EB515AA} = {1037E828-89D0-4B23-8055-B3197EB515AA}
		{D82FB876-BFD9-41DE-9403-D13BDBE7FCB1} = {D82FB876-BFD9-41DE-9403-D13BDBE7FCB1}
		{2B1EECAA-19CD-41CB-9B2B-87C6317EC1B2} = {2B1EECAA-19CD-41CB-9B2B-87C6317EC1B2}
		{B0C44BD5-406D-4095-A5F6-2F36733014E7} = {B0C44BD5-406D-4095-A5F6-2F36733014E7}
	EndProjectSection
EndProject
Project("{8BC9CEB8-8B4A-11D0-8D11-00A0C91BC942}") = "langc", "langc.vcproj", "{19C48EBE-A638-47DC-AC9C-D380285508B7}"
	ProjectSection(ProjectDependencies) = postProject
		{B0C44BD5-406D-4095-A5F6-2F36733014E7} = {B0C44BD5-406D-4095-A5F6-2F36733014E7}
	EndProjectSection
EndProject
Project("{8BC9CEB8-8B4A-11D0-8D11-00A0C91BC942}") = "fonttool", "fonttool.vcproj", "{CE18B2C3-31E9-4991-A955-E12B5BDF7A0D}"
EndProject
Project("{8BC9CEB8-8B4A-11D0-8D11-00A0C91BC942}") = "max2dtsExporterPlus Max7", "max2dtsExporterPlus_Max7.vcproj", "{E167082E-BDB8-428F-AF13-A24B354462C9}"
	ProjectSection(ProjectDependencies) = postProject
		{7826C608-628D-4E8E-809F-B466ABE74F00} = {7826C608-628D-4E8E-809F-B466ABE74F00}
		{91E7C69D-603F-4982-B76A-A03334609110} = {91E7C69D-603F-4982-B76A-A03334609110}
	EndProjectSection
EndProject
Project("{8BC9CEB8-8B4A-11D0-8D11-00A0C91BC942}") = "max2dtsExporterPro Max7", "max2dtsExporterPro_Max7.vcproj", "{06E999B3-F437-41E6-BE21-FBBE245ACC96}"
	ProjectSection(ProjectDependencies) = postProject
		{7826C608-628D-4E8E-809F-B466ABE74F00} = {7826C608-628D-4E8E-809F-B466ABE74F00}
		{91E7C69D-603F-4982-B76A-A03334609110} = {91E7C69D-603F-4982-B76A-A03334609110}
	EndProjectSection
EndProject
Project("{8BC9CEB8-8B4A-11D0-8D11-00A0C91BC942}") = "maya2dtsExporter Maya7", "maya2dtsExporter_Maya7.vcproj", "{8681F42A-BE3B-4CBC-8355-08607B9D5F56}"
	ProjectSection(ProjectDependencies) = postProject
		{7826C608-628D-4E8E-809F-B466ABE74F00} = {7826C608-628D-4E8E-809F-B466ABE74F00}
		{91E7C69D-603F-4982-B76A-A03334609110} = {91E7C69D-603F-4982-B76A-A03334609110}
	EndProjectSection
EndProject
Project("{8BC9CEB8-8B4A-11D0-8D11-00A0C91BC942}") = "dtsSDKPlus", "dtsSDKPlus.vcproj", "{91E7C69D-603F-4982-B76A-A03334609110}"
	ProjectSection(ProjectDependencies) = postProject
		{7826C608-628D-4E8E-809F-B466ABE74F00} = {7826C608-628D-4E8E-809F-B466ABE74F00}
	EndProjectSection
EndProject
Project("{8BC9CEB8-8B4A-11D0-8D11-00A0C91BC942}") = "pyTorque", "pyTorque.vcproj", "{3700242B-F6DD-4A64-BEF7-F985459C8AF6}"
EndProject
Global
	GlobalSection(SolutionConfigurationPlatforms) = preSolution
		Debug_FastRelight|Win32 = Debug_FastRelight|Win32
		Debug|Win32 = Debug|Win32
		Release|Win32 = Release|Win32
	EndGlobalSection
	GlobalSection(ProjectConfigurationPlatforms) = postSolution
		{B1004AB2-F57B-4330-A303-6DB62C433C93}.Debug_FastRelight|Win32.ActiveCfg = Debug_FastRelight|Win32
		{B1004AB2-F57B-4330-A303-6DB62C433C93}.Debug_FastRelight|Win32.Build.0 = Debug_FastRelight|Win32
		{B1004AB2-F57B-4330-A303-6DB62C433C93}.Debug|Win32.ActiveCfg = Debug|Win32
		{B1004AB2-F57B-4330-A303-6DB62C433C93}.Debug|Win32.Build.0 = Debug|Win32
		{B1004AB2-F57B-4330-A303-6DB62C433C93}.Release|Win32.ActiveCfg = Release|Win32
		{B1004AB2-F57B-4330-A303-6DB62C433C93}.Release|Win32.Build.0 = Release|Win32
		{B0C44BD5-406D-4095-A5F6-2F36733014E7}.Debug_FastRelight|Win32.ActiveCfg = Debug_FastRelight|Win32
		{B0C44BD5-406D-4095-A5F6-2F36733014E7}.Debug|Win32.ActiveCfg = Debug|Win32
		{B0C44BD5-406D-4095-A5F6-2F36733014E7}.Release|Win32.ActiveCfg = Release|Win32
		{3232A0B0-9DE6-434A-88C8-06833691B9A8}.Debug_FastRelight|Win32.ActiveCfg = Debug_FastRelight|Win32
		{3232A0B0-9DE6-434A-88C8-06833691B9A8}.Debug|Win32.ActiveCfg = Debug|Win32
		{3232A0B0-9DE6-434A-88C8-06833691B9A8}.Release|Win32.ActiveCfg = Release|Win32
		{7826C608-628D-4E8E-809F-B466ABE74F00}.Debug_FastRelight|Win32.ActiveCfg = Debug_FastRelight|Win32
		{7826C608-628D-4E8E-809F-B466ABE74F00}.Debug|Win32.ActiveCfg = Debug|Win32
		{7826C608-628D-4E8E-809F-B466ABE74F00}.Release|Win32.ActiveCfg = Release|Win32
		{87BFA0FD-C761-4938-9C20-F15DD14E48E1}.Debug_FastRelight|Win32.ActiveCfg = Debug_FastRelight|Win32
		{87BFA0FD-C761-4938-9C20-F15DD14E48E1}.Debug_FastRelight|Win32.Build.0 = Debug_FastRelight|Win32
		{87BFA0FD-C761-4938-9C20-F15DD14E48E1}.Debug|Win32.ActiveCfg = Debug|Win32
		{87BFA0FD-C761-4938-9C20-F15DD14E48E1}.Debug|Win32.Build.0 = Debug|Win32
		{87BFA0FD-C761-4938-9C20-F15DD14E48E1}.Release|Win32.ActiveCfg = Release|Win32
		{87BFA0FD-C761-4938-9C20-F15DD14E48E1}.Release|Win32.Build.0 = Release|Win32
		{2B1EECAA-19CD-41CB-9B2B-87C6317EC1B2}.Debug_FastRelight|Win32.ActiveCfg = Debug_FastRelight|Win32
		{2B1EECAA-19CD-41CB-9B2B-87C6317EC1B2}.Debug_FastRelight|Win32.Build.0 = Debug_FastRelight|Win32
		{2B1EECAA-19CD-41CB-9B2B-87C6317EC1B2}.Debug|Win32.ActiveCfg = Debug|Win32
		{2B1EECAA-19CD-41CB-9B2B-87C6317EC1B2}.Debug|Win32.Build.0 = Debug|Win32
		{2B1EECAA-19CD-41CB-9B2B-87C6317EC1B2}.Release|Win32.ActiveCfg = Release|Win32
		{2B1EECAA-19CD-41CB-9B2B-87C6317EC1B2}.Release|Win32.Build.0 = Release|Win32
		{D82FB876-BFD9-41DE-9403-D13BDBE7FCB1}.Debug_FastRelight|Win32.ActiveCfg = Debug_FastRelight|Win32
		{D82FB876-BFD9-41DE-9403-D13BDBE7FCB1}.Debug_FastRelight|Win32.Build.0 = Debug_FastRelight|Win32
		{D82FB876-BFD9-41DE-9403-D13BDBE7FCB1}.Debug|Win32.ActiveCfg = Debug|Win32
		{D82FB876-BFD9-41DE-9403-D13BDBE7FCB1}.Debug|Win32.Build.0 = Debug|Win32
		{D82FB876-BFD9-41DE-9403-D13BDBE7FCB1}.Release|Win32.ActiveCfg = Release|Win32
		{D82FB876-BFD9-41DE-9403-D13BDBE7FCB1}.Release|Win32.Build.0 = Release|Win32
		{E42AB819-339B-48C8-AE28-605CF4F9FD34}.Debug_FastRelight|Win32.ActiveCfg = Debug_FastRelight|Win32
		{E42AB819-339B-48C8-AE28-605CF4F9FD34}.Debug_FastRelight|Win32.Build.0 = Debug_FastRelight|Win32
		{E42AB819-339B-48C8-AE28-605CF4F9FD34}.Debug|Win32.ActiveCfg = Debug|Win32
		{E42AB819-339B-48C8-AE28-605CF4F9FD34}.Debug|Win32.Build.0 = Debug|Win32
		{E42AB819-339B-48C8-AE28-605CF4F9FD34}.Release|Win32.ActiveCfg = Release|Win32
		{E42AB819-339B-48C8-AE28-605CF4F9FD34}.Release|Win32.Build.0 = Release|Win32
		{72645D1D-C1D3-45BC-9C26-C994BCBFA0B0}.Debug_FastRelight|Win32.ActiveCfg = Debug_FastRelight|Win32
		{72645D1D-C1D3-45BC-9C26-C994BCBFA0B0}.Debug|Win32.ActiveCfg = Debug|Win32
		{72645D1D-C1D3-45BC-9C26-C994BCBFA0B0}.Release|Win32.ActiveCfg = Release|Win32
		{5580CE27-80F7-4209-8504-89E18302CC4B}.Debug_FastRelight|Win32.ActiveCfg = Debug_FastRelight|Win32
		{5580CE27-80F7-4209-8504-89E18302CC4B}.Debug|Win32.ActiveCfg = Debug|Win32
		{5580CE27-80F7-4209-8504-89E18302CC4B}.Release|Win32.ActiveCfg = Release|Win32
		{66988AD4-F6F8-49EF-A4E1-3F43CC125962}.Debug_FastRelight|Win32.ActiveCfg = Debug_FastRelight|Win32
		{66988AD4-F6F8-49EF-A4E1-3F43CC125962}.Debug_FastRelight|Win32.Build.0 = Debug_FastRelight|Win32
		{66988AD4-F6F8-49EF-A4E1-3F43CC125962}.Debug|Win32.ActiveCfg = Debug|Win32
		{66988AD4-F6F8-49EF-A4E1-3F43CC125962}.Debug|Win32.Build.0 = Debug|Win32
		{66988AD4-F6F8-49EF-A4E1-3F43CC125962}.Release|Win32.ActiveCfg = Release|Win32
		{66988AD4-F6F8-49EF-A4E1-3F43CC125962}.Release|Win32.Build.0 = Release|Win32
		{1037E828-89D0-4B23-8055-B3197EB515AA}.Debug_FastRelight|Win32.ActiveCfg = Debug_FastRelight|Win32
		{1037E828-89D0-4B23-8055-B3197EB515AA}.Debug_FastRelight|Win32.Build.0 = Debug_FastRelight|Win32
		{1037E828-89D0-4B23-8055-B3197EB515AA}.Debug|Win32.ActiveCfg = Debug|Win32
		{1037E828-89D0-4B23-8055-B3197EB515AA}.Debug|Win32.Build.0 = Debug|Win32
		{1037E828-89D0-4B23-8055-B3197EB515AA}.Release|Win32.ActiveCfg = Release|Win32
		{1037E828-89D0-4B23-8055-B3197EB515AA}.Release|Win32.Build.0 = Release|Win32
		{CA4D37D5-5968-4F3A-9D56-06B21F9441D1}.Debug_FastRelight|Win32.ActiveCfg = Debug_FastRelight|Win32
		{CA4D37D5-5968-4F3A-9D56-06B21F9441D1}.Debug|Win32.ActiveCfg = Debug|Win32
		{CA4D37D5-5968-4F3A-9D56-06B21F9441D1}.Release|Win32.ActiveCfg = Release|Win32
		{19C48EBE-A638-47DC-AC9C-D380285508B7}.Debug_FastRelight|Win32.ActiveCfg = Debug_FastRelight|Win32
		{19C48EBE-A638-47DC-AC9C-D380285508B7}.Debug|Win32.ActiveCfg = Debug|Win32
		{19C48EBE-A638-47DC-AC9C-D380285508B7}.Release|Win32.ActiveCfg = Release|Win32
		{CE18B2C3-31E9-4991-A955-E12B5BDF7A0D}.Debug_FastRelight|Win32.ActiveCfg = Debug_FastRelight|Win32
		{CE18B2C3-31E9-4991-A955-E12B5BDF7A0D}.Debug|Win32.ActiveCfg = Debug|Win32
		{CE18B2C3-31E9-4991-A955-E12B5BDF7A0D}.Release|Win32.ActiveCfg = Release|Win32
		{E167082E-BDB8-428F-AF13-A24B354462C9}.Debug_FastRelight|Win32.ActiveCfg = Debug_FastRelight|Win32
		{E167082E-BDB8-428F-AF13-A24B354462C9}.Debug|Win32.ActiveCfg = Debug|Win32
		{E167082E-BDB8-428F-AF13-A24B354462C9}.Release|Win32.ActiveCfg = Release|Win32
		{06E999B3-F437-41E6-BE21-FBBE245ACC96}.Debug_FastRelight|Win32.ActiveCfg = Debug_FastRelight|Win32
		{06E999B3-F437-41E6-BE21-FBBE245ACC96}.Debug|Win32.ActiveCfg = Debug|Win32
		{06E999B3-F437-41E6-BE21-FBBE245ACC96}.Release|Win32.ActiveCfg = Release|Win32
		{8681F42A-BE3B-4CBC-8355-08607B9D5F56}.Debug_FastRelight|Win32.ActiveCfg = Debug_FastRelight|Win32
		{8681F42A-BE3B-4CBC-8355-08607B9D5F56}.Debug|Win32.ActiveCfg = Debug|Win32
		{8681F42A-BE3B-4CBC-8355-08607B9D5F56}.Release|Win32.ActiveCfg = Release|Win32
		{91E7C69D-603F-4982-B76A-A03334609110}.Debug_FastRelight|Win32.ActiveCfg = Debug_FastRelight|Win32
		{91E7C69D-603F-4982-B76A-A03334609110}.Debug|Win32.ActiveCfg = Debug|Win32
		{91E7C69D-603F-4982-B76A-A03334609110}.Release|Win32.ActiveCfg = Release|Win32
		{3700242B-F6DD-4A64-BEF7-F985459C8AF6}.Debug_FastRelight|Win32.ActiveCfg = Debug_FastRelight|Win32
		{3700242B-F6DD-4A64-BEF7-F985459C8AF6}.Debug|Win32.ActiveCfg = Debug|Win32
		{3700242B-F6DD-4A64-BEF7-F985459C8AF6}.Debug|Win32.Build.0 = Debug|Win32
		{3700242B-F6DD-4A64-BEF7-F985459C8AF6}.Release|Win32.ActiveCfg = Release|Win32
	EndGlobalSection
	GlobalSection(SolutionProperties) = preSolution
		HideSolutionNode = FALSE
	EndGlobalSection
EndGlobal
